// !$*UTF8*$!
{
	archiveVersion = 1;
	classes = {
	};
	objectVersion = 46;
	objects = {

/* Begin PBXBuildFile section */
		3A27FDBF14269B66000D885C /* CalloutAnnotation.m in Sources */ = {isa = PBXBuildFile; fileRef = 3A27FDBE14269B66000D885C /* CalloutAnnotation.m */; };
		3A533AB714255D94005C9625 /* AnnotationView.m in Sources */ = {isa = PBXBuildFile; fileRef = 3A533AB614255D94005C9625 /* AnnotationView.m */; };
		3A533ABC14255E41005C9625 /* emoji-ghost.png in Resources */ = {isa = PBXBuildFile; fileRef = 3A533ABA14255E41005C9625 /* emoji-ghost.png */; };
		3A533ABD14255E41005C9625 /* emoji-ghost@2x.png in Resources */ = {isa = PBXBuildFile; fileRef = 3A533ABB14255E41005C9625 /* emoji-ghost@2x.png */; };
		3A6293F2142524D500923860 /* MapUtil.m in Sources */ = {isa = PBXBuildFile; fileRef = 3A6293F1142524D500923860 /* MapUtil.m */; };
		3A6293F51425254B00923860 /* Annotation.m in Sources */ = {isa = PBXBuildFile; fileRef = 3A6293F41425254B00923860 /* Annotation.m */; };
		3A6293F614252A4000923860 /* CoreLocation.framework in Frameworks */ = {isa = PBXBuildFile; fileRef = 3AB0D86B1424B4420081EE3E /* CoreLocation.framework */; };
		3A9C15F9142688120065D95D /* CalloutView.m in Sources */ = {isa = PBXBuildFile; fileRef = 3A9C15F6142688120065D95D /* CalloutView.m */; };
		3A9C15FA142688120065D95D /* CalloutView.xib in Resources */ = {isa = PBXBuildFile; fileRef = 3A9C15F8142688120065D95D /* CalloutView.xib */; };
		3A9C15FD142689460065D95D /* BaseCalloutView.m in Sources */ = {isa = PBXBuildFile; fileRef = 3A9C15FB142689460065D95D /* BaseCalloutView.m */; };
		3AB0D85F1424B4420081EE3E /* UIKit.framework in Frameworks */ = {isa = PBXBuildFile; fileRef = 3AB0D85E1424B4420081EE3E /* UIKit.framework */; };
		3AB0D8611424B4420081EE3E /* Foundation.framework in Frameworks */ = {isa = PBXBuildFile; fileRef = 3AB0D8601424B4420081EE3E /* Foundation.framework */; };
		3AB0D8631424B4420081EE3E /* CoreGraphics.framework in Frameworks */ = {isa = PBXBuildFile; fileRef = 3AB0D8621424B4420081EE3E /* CoreGraphics.framework */; };
		3AB0D8E31424B4430081EE3E /* main.m in Sources */ = {isa = PBXBuildFile; fileRef = 3AB0D8E21424B4430081EE3E /* main.m */; };
		3AB0D8E81424B4430081EE3E /* Logger.m in Sources */ = {isa = PBXBuildFile; fileRef = 3AB0D8E71424B4430081EE3E /* Logger.m */; };
		3AB0D8ED1424B4430081EE3E /* AppDelegateiPhone.m in Sources */ = {isa = PBXBuildFile; fileRef = 3AB0D8EC1424B4430081EE3E /* AppDelegateiPhone.m */; };
		3AB0D8F61424B4430081EE3E /* AppDelegate.m in Sources */ = {isa = PBXBuildFile; fileRef = 3AB0D8F51424B4430081EE3E /* AppDelegate.m */; };
		3AB0D9BF1424F4B30081EE3E /* MapViewController.m in Sources */ = {isa = PBXBuildFile; fileRef = 3AB0D9BD1424F4B30081EE3E /* MapViewController.m */; };
		3AB0D9C01424F4B30081EE3E /* MapViewController.xib in Resources */ = {isa = PBXBuildFile; fileRef = 3AB0D9BE1424F4B30081EE3E /* MapViewController.xib */; };
		3AB0D9C21424F58A0081EE3E /* MainWindowiPhone.xib in Resources */ = {isa = PBXBuildFile; fileRef = 3AB0D9C11424F5890081EE3E /* MainWindowiPhone.xib */; };
		3AB0D9CC1425149A0081EE3E /* MapKit.framework in Frameworks */ = {isa = PBXBuildFile; fileRef = 3AB0D9CB1425149A0081EE3E /* MapKit.framework */; };
		3AF1D54C145F532D00E55978 /* Content.m in Sources */ = {isa = PBXBuildFile; fileRef = 3AF1D54B145F532D00E55978 /* Content.m */; };
		3AF1D553145F62C600E55978 /* MyCalloutView.m in Sources */ = {isa = PBXBuildFile; fileRef = 3AF1D551145F62C600E55978 /* MyCalloutView.m */; };
		3AF1D555145F62C600E55978 /* MyCalloutView.xib in Resources */ = {isa = PBXBuildFile; fileRef = 3AF1D552145F62C600E55978 /* MyCalloutView.xib */; };
/* End PBXBuildFile section */

/* Begin PBXFileReference section */
		3A1CBCAF15331A20000E5015 /* README.md */ = {isa = PBXFileReference; lastKnownFileType = text; path = README.md; sourceTree = "<group>"; };
		3A27FDBD14269B66000D885C /* CalloutAnnotation.h */ = {isa = PBXFileReference; fileEncoding = 4; lastKnownFileType = sourcecode.c.h; path = CalloutAnnotation.h; sourceTree = "<group>"; };
		3A27FDBE14269B66000D885C /* CalloutAnnotation.m */ = {isa = PBXFileReference; fileEncoding = 4; lastKnownFileType = sourcecode.c.objc; path = CalloutAnnotation.m; sourceTree = "<group>"; };
		3A533AB514255D94005C9625 /* AnnotationView.h */ = {isa = PBXFileReference; fileEncoding = 4; lastKnownFileType = sourcecode.c.h; path = AnnotationView.h; sourceTree = "<group>"; };
		3A533AB614255D94005C9625 /* AnnotationView.m */ = {isa = PBXFileReference; fileEncoding = 4; lastKnownFileType = sourcecode.c.objc; path = AnnotationView.m; sourceTree = "<group>"; };
		3A533ABA14255E41005C9625 /* emoji-ghost.png */ = {isa = PBXFileReference; lastKnownFileType = image.png; path = "emoji-ghost.png"; sourceTree = "<group>"; };
		3A533ABB14255E41005C9625 /* emoji-ghost@2x.png */ = {isa = PBXFileReference; lastKnownFileType = image.png; path = "emoji-ghost@2x.png"; sourceTree = "<group>"; };
		3A6293F0142524D500923860 /* MapUtil.h */ = {isa = PBXFileReference; fileEncoding = 4; lastKnownFileType = sourcecode.c.h; path = MapUtil.h; sourceTree = "<group>"; };
		3A6293F1142524D500923860 /* MapUtil.m */ = {isa = PBXFileReference; fileEncoding = 4; lastKnownFileType = sourcecode.c.objc; path = MapUtil.m; sourceTree = "<group>"; };
		3A6293F31425254B00923860 /* Annotation.h */ = {isa = PBXFileReference; fileEncoding = 4; lastKnownFileType = sourcecode.c.h; path = Annotation.h; sourceTree = "<group>"; };
		3A6293F41425254B00923860 /* Annotation.m */ = {isa = PBXFileReference; fileEncoding = 4; lastKnownFileType = sourcecode.c.objc; path = Annotation.m; sourceTree = "<group>"; };
		3A936FEE1456EE8800509181 /* GHUnitIOS.framework */ = {isa = PBXFileReference; lastKnownFileType = wrapper.framework; name = GHUnitIOS.framework; path = callout/Frameworks/GHUnitIOS.framework; sourceTree = "<group>"; };
		3A9C15F314267A7E0065D95D /* AnnotationProtocol.h */ = {isa = PBXFileReference; fileEncoding = 4; lastKnownFileType = sourcecode.c.h; path = AnnotationProtocol.h; sourceTree = "<group>"; };
		3A9C15F514267ABC0065D95D /* AnnotationViewProtocol.h */ = {isa = PBXFileReference; fileEncoding = 4; lastKnownFileType = sourcecode.c.h; path = AnnotationViewProtocol.h; sourceTree = "<group>"; };
		3A9C15F6142688120065D95D /* CalloutView.m */ = {isa = PBXFileReference; fileEncoding = 4; lastKnownFileType = sourcecode.c.objc; path = CalloutView.m; sourceTree = "<group>"; };
		3A9C15F7142688120065D95D /* CalloutView.h */ = {isa = PBXFileReference; fileEncoding = 4; lastKnownFileType = sourcecode.c.h; path = CalloutView.h; sourceTree = "<group>"; };
		3A9C15F8142688120065D95D /* CalloutView.xib */ = {isa = PBXFileReference; fileEncoding = 4; lastKnownFileType = file.xib; path = CalloutView.xib; sourceTree = "<group>"; };
		3A9C15FB142689460065D95D /* BaseCalloutView.m */ = {isa = PBXFileReference; fileEncoding = 4; lastKnownFileType = sourcecode.c.objc; path = BaseCalloutView.m; sourceTree = "<group>"; };
		3A9C15FC142689460065D95D /* BaseCalloutView.h */ = {isa = PBXFileReference; fileEncoding = 4; lastKnownFileType = sourcecode.c.h; path = BaseCalloutView.h; sourceTree = "<group>"; };
		3AB0D85A1424B4420081EE3E /* callout.app */ = {isa = PBXFileReference; explicitFileType = wrapper.application; includeInIndex = 0; path = callout.app; sourceTree = BUILT_PRODUCTS_DIR; };
		3AB0D85E1424B4420081EE3E /* UIKit.framework */ = {isa = PBXFileReference; lastKnownFileType = wrapper.framework; name = UIKit.framework; path = System/Library/Frameworks/UIKit.framework; sourceTree = SDKROOT; };
		3AB0D8601424B4420081EE3E /* Foundation.framework */ = {isa = PBXFileReference; lastKnownFileType = wrapper.framework; name = Foundation.framework; path = System/Library/Frameworks/Foundation.framework; sourceTree = SDKROOT; };
		3AB0D8621424B4420081EE3E /* CoreGraphics.framework */ = {isa = PBXFileReference; lastKnownFileType = wrapper.framework; name = CoreGraphics.framework; path = System/Library/Frameworks/CoreGraphics.framework; sourceTree = SDKROOT; };
		3AB0D86B1424B4420081EE3E /* CoreLocation.framework */ = {isa = PBXFileReference; lastKnownFileType = wrapper.framework; name = CoreLocation.framework; path = System/Library/Frameworks/CoreLocation.framework; sourceTree = SDKROOT; };
		3AB0D8721424B4420081EE3E /* Callout-Info.plist */ = {isa = PBXFileReference; lastKnownFileType = text.plist.xml; name = "Callout-Info.plist"; path = "Classes/support/callout-Info.plist"; sourceTree = "<group>"; };
		3AB0D8731424B4420081EE3E /* Callout-Prefix.pch */ = {isa = PBXFileReference; lastKnownFileType = sourcecode.c.h; name = "Callout-Prefix.pch"; path = "Classes/support/callout-Prefix.pch"; sourceTree = "<group>"; };
		3AB0D8E21424B4430081EE3E /* main.m */ = {isa = PBXFileReference; lastKnownFileType = sourcecode.c.objc; name = main.m; path = Classes/support/main.m; sourceTree = "<group>"; };
		3AB0D8E61424B4430081EE3E /* Logger.h */ = {isa = PBXFileReference; lastKnownFileType = sourcecode.c.h; name = Logger.h; path = Classes/generic/log/Logger.h; sourceTree = "<group>"; };
		3AB0D8E71424B4430081EE3E /* Logger.m */ = {isa = PBXFileReference; lastKnownFileType = sourcecode.c.objc; name = Logger.m; path = Classes/generic/log/Logger.m; sourceTree = "<group>"; };
		3AB0D8EB1424B4430081EE3E /* AppDelegateiPhone.h */ = {isa = PBXFileReference; lastKnownFileType = sourcecode.c.h; name = AppDelegateiPhone.h; path = Classes/iPhone/AppDelegateiPhone.h; sourceTree = "<group>"; };
		3AB0D8EC1424B4430081EE3E /* AppDelegateiPhone.m */ = {isa = PBXFileReference; lastKnownFileType = sourcecode.c.objc; name = AppDelegateiPhone.m; path = Classes/iPhone/AppDelegateiPhone.m; sourceTree = "<group>"; };
		3AB0D8F41424B4430081EE3E /* AppDelegate.h */ = {isa = PBXFileReference; lastKnownFileType = sourcecode.c.h; name = AppDelegate.h; path = Classes/AppDelegate.h; sourceTree = "<group>"; };
		3AB0D8F51424B4430081EE3E /* AppDelegate.m */ = {isa = PBXFileReference; lastKnownFileType = sourcecode.c.objc; name = AppDelegate.m; path = Classes/AppDelegate.m; sourceTree = "<group>"; };
		3AB0D9BC1424F4B30081EE3E /* MapViewController.h */ = {isa = PBXFileReference; fileEncoding = 4; lastKnownFileType = sourcecode.c.h; name = MapViewController.h; path = Classes/iPhone/MapViewController.h; sourceTree = "<group>"; };
		3AB0D9BD1424F4B30081EE3E /* MapViewController.m */ = {isa = PBXFileReference; fileEncoding = 4; lastKnownFileType = sourcecode.c.objc; name = MapViewController.m; path = Classes/iPhone/MapViewController.m; sourceTree = "<group>"; };
		3AB0D9BE1424F4B30081EE3E /* MapViewController.xib */ = {isa = PBXFileReference; fileEncoding = 4; lastKnownFileType = file.xib; name = MapViewController.xib; path = Classes/iPhone/MapViewController.xib; sourceTree = "<group>"; };
		3AB0D9C11424F5890081EE3E /* MainWindowiPhone.xib */ = {isa = PBXFileReference; fileEncoding = 4; lastKnownFileType = file.xib; name = MainWindowiPhone.xib; path = Classes/iPhone/MainWindowiPhone.xib; sourceTree = "<group>"; };
		3AB0D9CB1425149A0081EE3E /* MapKit.framework */ = {isa = PBXFileReference; lastKnownFileType = wrapper.framework; name = MapKit.framework; path = System/Library/Frameworks/MapKit.framework; sourceTree = SDKROOT; };
		3AF1D54A145F532D00E55978 /* Content.h */ = {isa = PBXFileReference; fileEncoding = 4; lastKnownFileType = sourcecode.c.h; path = Content.h; sourceTree = "<group>"; };
		3AF1D54B145F532D00E55978 /* Content.m */ = {isa = PBXFileReference; fileEncoding = 4; lastKnownFileType = sourcecode.c.objc; path = Content.m; sourceTree = "<group>"; };
		3AF1D550145F62C600E55978 /* MyCalloutView.h */ = {isa = PBXFileReference; fileEncoding = 4; lastKnownFileType = sourcecode.c.h; path = MyCalloutView.h; sourceTree = "<group>"; };
		3AF1D551145F62C600E55978 /* MyCalloutView.m */ = {isa = PBXFileReference; fileEncoding = 4; lastKnownFileType = sourcecode.c.objc; path = MyCalloutView.m; sourceTree = "<group>"; };
		3AF1D552145F62C600E55978 /* MyCalloutView.xib */ = {isa = PBXFileReference; fileEncoding = 4; lastKnownFileType = file.xib; path = MyCalloutView.xib; sourceTree = "<group>"; };
/* End PBXFileReference section */

/* Begin PBXFrameworksBuildPhase section */
		3AB0D8571424B4420081EE3E /* Frameworks */ = {
			isa = PBXFrameworksBuildPhase;
			buildActionMask = 2147483647;
			files = (
				3AB0D8631424B4420081EE3E /* CoreGraphics.framework in Frameworks */,
				3A6293F614252A4000923860 /* CoreLocation.framework in Frameworks */,
				3AB0D8611424B4420081EE3E /* Foundation.framework in Frameworks */,
				3AB0D9CC1425149A0081EE3E /* MapKit.framework in Frameworks */,
				3AB0D85F1424B4420081EE3E /* UIKit.framework in Frameworks */,
			);
			runOnlyForDeploymentPostprocessing = 0;
		};
/* End PBXFrameworksBuildPhase section */

/* Begin PBXGroup section */
		3A533AB914255E41005C9625 /* resources */ = {
			isa = PBXGroup;
			children = (
				3A533ABA14255E41005C9625 /* emoji-ghost.png */,
				3A533ABB14255E41005C9625 /* emoji-ghost@2x.png */,
			);
			name = resources;
			path = Classes/resources;
			sourceTree = "<group>";
		};
		3A6293EF142524D500923860 /* map */ = {
			isa = PBXGroup;
			children = (
				3AF1D54A145F532D00E55978 /* Content.h */,
				3AF1D54B145F532D00E55978 /* Content.m */,
				3A9C15F314267A7E0065D95D /* AnnotationProtocol.h */,
				3A6293F31425254B00923860 /* Annotation.h */,
				3A6293F41425254B00923860 /* Annotation.m */,
				3A9C15F514267ABC0065D95D /* AnnotationViewProtocol.h */,
				3A533AB514255D94005C9625 /* AnnotationView.h */,
				3A533AB614255D94005C9625 /* AnnotationView.m */,
				3A9C15FC142689460065D95D /* BaseCalloutView.h */,
				3A9C15FB142689460065D95D /* BaseCalloutView.m */,
				3A9C15F7142688120065D95D /* CalloutView.h */,
				3A9C15F6142688120065D95D /* CalloutView.m */,
				3A9C15F8142688120065D95D /* CalloutView.xib */,
				3A27FDBD14269B66000D885C /* CalloutAnnotation.h */,
				3A27FDBE14269B66000D885C /* CalloutAnnotation.m */,
				3A6293F0142524D500923860 /* MapUtil.h */,
				3A6293F1142524D500923860 /* MapUtil.m */,
			);
			name = map;
			path = Classes/generic/map;
			sourceTree = "<group>";
		};
		3AB0D84F1424B4410081EE3E = {
			isa = PBXGroup;
			children = (
				3AB0D8701424B4420081EE3E /* Classes */,
				3AB0D85B1424B4420081EE3E /* Products */,
				3AB0D85D1424B4420081EE3E /* Frameworks */,
				3A1CBCAF15331A20000E5015 /* README.md */,
			);
			sourceTree = "<group>";
		};
		3AB0D85B1424B4420081EE3E /* Products */ = {
			isa = PBXGroup;
			children = (
				3AB0D85A1424B4420081EE3E /* callout.app */,
			);
			name = Products;
			sourceTree = "<group>";
		};
		3AB0D85D1424B4420081EE3E /* Frameworks */ = {
			isa = PBXGroup;
			children = (
				3AB0D8621424B4420081EE3E /* CoreGraphics.framework */,
				3AB0D86B1424B4420081EE3E /* CoreLocation.framework */,
				3AB0D8601424B4420081EE3E /* Foundation.framework */,
				3A936FEE1456EE8800509181 /* GHUnitIOS.framework */,
				3AB0D9CB1425149A0081EE3E /* MapKit.framework */,
				3AB0D85E1424B4420081EE3E /* UIKit.framework */,
			);
			name = Frameworks;
			sourceTree = "<group>";
		};
		3AB0D8701424B4420081EE3E /* Classes */ = {
			isa = PBXGroup;
			children = (
				3AB0D8EA1424B4430081EE3E /* iPhone */,
				3AB0D8E41424B4430081EE3E /* generic */,
				3A533AB914255E41005C9625 /* resources */,
				3AB0D8711424B4420081EE3E /* support */,
				3AB0D8F41424B4430081EE3E /* AppDelegate.h */,
				3AB0D8F51424B4430081EE3E /* AppDelegate.m */,
			);
			name = Classes;
			path = callout;
			sourceTree = "<group>";
		};
		3AB0D8711424B4420081EE3E /* support */ = {
			isa = PBXGroup;
			children = (
				3AB0D8721424B4420081EE3E /* Callout-Info.plist */,
				3AB0D8731424B4420081EE3E /* Callout-Prefix.pch */,
				3AB0D8E21424B4430081EE3E /* main.m */,
			);
			name = support;
			sourceTree = "<group>";
		};
		3AB0D8E41424B4430081EE3E /* generic */ = {
			isa = PBXGroup;
			children = (
				3AB0D8E51424B4430081EE3E /* log */,
				3A6293EF142524D500923860 /* map */,
			);
			name = generic;
			sourceTree = "<group>";
		};
		3AB0D8E51424B4430081EE3E /* log */ = {
			isa = PBXGroup;
			children = (
				3AB0D8E61424B4430081EE3E /* Logger.h */,
				3AB0D8E71424B4430081EE3E /* Logger.m */,
			);
			name = log;
			sourceTree = "<group>";
		};
		3AB0D8EA1424B4430081EE3E /* iPhone */ = {
			isa = PBXGroup;
			children = (
				3AF1D54F145F62C600E55978 /* map */,
				3AB0D8EB1424B4430081EE3E /* AppDelegateiPhone.h */,
				3AB0D8EC1424B4430081EE3E /* AppDelegateiPhone.m */,
				3AB0D9C11424F5890081EE3E /* MainWindowiPhone.xib */,
				3AB0D9BC1424F4B30081EE3E /* MapViewController.h */,
				3AB0D9BD1424F4B30081EE3E /* MapViewController.m */,
				3AB0D9BE1424F4B30081EE3E /* MapViewController.xib */,
			);
			name = iPhone;
			sourceTree = "<group>";
		};
		3AF1D54F145F62C600E55978 /* map */ = {
			isa = PBXGroup;
			children = (
				3AF1D550145F62C600E55978 /* MyCalloutView.h */,
				3AF1D551145F62C600E55978 /* MyCalloutView.m */,
				3AF1D552145F62C600E55978 /* MyCalloutView.xib */,
			);
			name = map;
			path = Classes/iPhone/map;
			sourceTree = "<group>";
		};
/* End PBXGroup section */

/* Begin PBXNativeTarget section */
		3AB0D8591424B4420081EE3E /* callout */ = {
			isa = PBXNativeTarget;
			buildConfigurationList = 3AB0D8FA1424B4430081EE3E /* Build configuration list for PBXNativeTarget "callout" */;
			buildPhases = (
				3AB0D8561424B4420081EE3E /* Sources */,
				3AB0D8571424B4420081EE3E /* Frameworks */,
				3AB0D8581424B4420081EE3E /* Resources */,
			);
			buildRules = (
			);
			dependencies = (
			);
			name = callout;
			productName = callout;
			productReference = 3AB0D85A1424B4420081EE3E /* callout.app */;
			productType = "com.apple.product-type.application";
		};
/* End PBXNativeTarget section */

/* Begin PBXProject section */
		3AB0D8511424B4410081EE3E /* Project object */ = {
			isa = PBXProject;
			attributes = {
				LastUpgradeCheck = 0420;
				ORGANIZATIONNAME = jano.com.es;
			};
			buildConfigurationList = 3AB0D8541424B4410081EE3E /* Build configuration list for PBXProject "callout" */;
			compatibilityVersion = "Xcode 3.2";
			developmentRegion = English;
			hasScannedForEncodings = 0;
			knownRegions = (
				en,
			);
			mainGroup = 3AB0D84F1424B4410081EE3E;
			productRefGroup = 3AB0D85B1424B4420081EE3E /* Products */;
			projectDirPath = "";
			projectRoot = "";
			targets = (
				3AB0D8591424B4420081EE3E /* callout */,
			);
		};
/* End PBXProject section */

/* Begin PBXResourcesBuildPhase section */
		3AB0D8581424B4420081EE3E /* Resources */ = {
			isa = PBXResourcesBuildPhase;
			buildActionMask = 2147483647;
			files = (
				3AB0D9C01424F4B30081EE3E /* MapViewController.xib in Resources */,
				3AB0D9C21424F58A0081EE3E /* MainWindowiPhone.xib in Resources */,
				3A533ABC14255E41005C9625 /* emoji-ghost.png in Resources */,
				3A533ABD14255E41005C9625 /* emoji-ghost@2x.png in Resources */,
				3A9C15FA142688120065D95D /* CalloutView.xib in Resources */,
				3AF1D555145F62C600E55978 /* MyCalloutView.xib in Resources */,
			);
			runOnlyForDeploymentPostprocessing = 0;
		};
/* End PBXResourcesBuildPhase section */

/* Begin PBXSourcesBuildPhase section */
		3AB0D8561424B4420081EE3E /* Sources */ = {
			isa = PBXSourcesBuildPhase;
			buildActionMask = 2147483647;
			files = (
				3AB0D8E31424B4430081EE3E /* main.m in Sources */,
				3AB0D8E81424B4430081EE3E /* Logger.m in Sources */,
				3AB0D8ED1424B4430081EE3E /* AppDelegateiPhone.m in Sources */,
				3AB0D8F61424B4430081EE3E /* AppDelegate.m in Sources */,
				3AB0D9BF1424F4B30081EE3E /* MapViewController.m in Sources */,
				3A6293F2142524D500923860 /* MapUtil.m in Sources */,
				3A6293F51425254B00923860 /* Annotation.m in Sources */,
				3A533AB714255D94005C9625 /* AnnotationView.m in Sources */,
				3A9C15F9142688120065D95D /* CalloutView.m in Sources */,
				3A9C15FD142689460065D95D /* BaseCalloutView.m in Sources */,
				3A27FDBF14269B66000D885C /* CalloutAnnotation.m in Sources */,
				3AF1D54C145F532D00E55978 /* Content.m in Sources */,
				3AF1D553145F62C600E55978 /* MyCalloutView.m in Sources */,
			);
			runOnlyForDeploymentPostprocessing = 0;
		};
/* End PBXSourcesBuildPhase section */

/* Begin XCBuildConfiguration section */
		3AB0D8F81424B4430081EE3E /* Debug */ = {
			isa = XCBuildConfiguration;
			buildSettings = {
				ARCHS = "$(ARCHS_STANDARD_32_BIT)";
				"CODE_SIGN_IDENTITY[sdk=iphoneos*]" = "iPhone Developer";
				GCC_C_LANGUAGE_STANDARD = gnu99;
				GCC_OPTIMIZATION_LEVEL = 0;
				GCC_PREPROCESSOR_DEFINITIONS = DEBUG;
				GCC_SYMBOLS_PRIVATE_EXTERN = NO;
				GCC_VERSION = com.apple.compilers.llvmgcc42;
				GCC_WARN_ABOUT_RETURN_TYPE = YES;
				GCC_WARN_UNUSED_VARIABLE = YES;
				IPHONEOS_DEPLOYMENT_TARGET = 4.3;
				SDKROOT = iphoneos;
				TARGETED_DEVICE_FAMILY = 1;
			};
			name = Debug;
		};
		3AB0D8F91424B4430081EE3E /* Release */ = {
			isa = XCBuildConfiguration;
			buildSettings = {
				ARCHS = "$(ARCHS_STANDARD_32_BIT)";
				"CODE_SIGN_IDENTITY[sdk=iphoneos*]" = "iPhone Developer";
				GCC_C_LANGUAGE_STANDARD = gnu99;
				GCC_VERSION = com.apple.compilers.llvmgcc42;
				GCC_WARN_ABOUT_RETURN_TYPE = YES;
				GCC_WARN_UNUSED_VARIABLE = YES;
				IPHONEOS_DEPLOYMENT_TARGET = 4.3;
				OTHER_CFLAGS = "-DNS_BLOCK_ASSERTIONS=1";
				SDKROOT = iphoneos;
				TARGETED_DEVICE_FAMILY = 1;
			};
			name = Release;
		};
		3AB0D8FB1424B4430081EE3E /* Debug */ = {
			isa = XCBuildConfiguration;
			buildSettings = {
				ALWAYS_SEARCH_USER_PATHS = NO;
				COPY_PHASE_STRIP = NO;
				GCC_DYNAMIC_NO_PIC = NO;
				GCC_PRECOMPILE_PREFIX_HEADER = YES;
				GCC_PREFIX_HEADER = "Callout/Classes/support/callout-Prefix.pch";
				GCC_VERSION = com.apple.compilers.llvm.clang.1_0;
				INFOPLIST_FILE = "Callout/Classes/support/callout-Info.plist";
				IPHONEOS_DEPLOYMENT_TARGET = 4.2;
				PRODUCT_NAME = "$(TARGET_NAME)";
				WRAPPER_EXTENSION = app;
			};
			name = Debug;
		};
		3AB0D8FC1424B4430081EE3E /* Release */ = {
			isa = XCBuildConfiguration;
			buildSettings = {
				ALWAYS_SEARCH_USER_PATHS = NO;
				COPY_PHASE_STRIP = YES;
				GCC_PRECOMPILE_PREFIX_HEADER = YES;
				GCC_PREFIX_HEADER = "Callout/Classes/support/callout-Prefix.pch";
				GCC_VERSION = com.apple.compilers.llvm.clang.1_0;
				INFOPLIST_FILE = "Callout/Classes/support/callout-Info.plist";
				IPHONEOS_DEPLOYMENT_TARGET = 4.2;
				PRODUCT_NAME = "$(TARGET_NAME)";
				VALIDATE_PRODUCT = YES;
				WRAPPER_EXTENSION = app;
			};
			name = Release;
		};
/* End XCBuildConfiguration section */

/* Begin XCConfigurationList section */
		3AB0D8541424B4410081EE3E /* Build configuration list for PBXProject "callout" */ = {
			isa = XCConfigurationList;
			buildConfigurations = (
				3AB0D8F81424B4430081EE3E /* Debug */,
				3AB0D8F91424B4430081EE3E /* Release */,
			);
			defaultConfigurationIsVisible = 0;
			defaultConfigurationName = Release;
		};
		3AB0D8FA1424B4430081EE3E /* Build configuration list for PBXNativeTarget "callout" */ = {
			isa = XCConfigurationList;
			buildConfigurations = (
				3AB0D8FB1424B4430081EE3E /* Debug */,
				3AB0D8FC1424B4430081EE3E /* Release */,
			);
			defaultConfigurationIsVisible = 0;
			defaultConfigurationName = Release;
		};
/* End XCConfigurationList section */
	};
	rootObject = 3AB0D8511424B4410081EE3E /* Project object */;
}
